
Microsoft Visual Studio Solution File, Format Version 12.00
# Visual Studio Version 17
VisualStudioVersion = 17.12.35323.107
MinimumVisualStudioVersion = 10.0.40219.1
Project("{FAE04EC0-301F-11D3-BF4B-00C04F79EFBC}") = "Newsy", "Newsy\Newsy.csproj", "{D7C9C961-3966-4222-A2F7-D4FF1E9375C4}"
EndProject
Global
	GlobalSection(SolutionConfigurationPlatforms) = preSolution
		Debug|Any CPU = Debug|Any CPU
		Release|Any CPU = Release|Any CPU
	EndGlobalSection
	GlobalSection(ProjectConfigurationPlatforms) = postSolution
		{D7C9C961-3966-4222-A2F7-D4FF1E9375C4}.Debug|Any CPU.ActiveCfg = Debug|Any CPU
		{D7C9C961-3966-4222-A2F7-D4FF1E9375C4}.Debug|Any CPU.Build.0 = Debug|Any CPU
		{D7C9C961-3966-4222-A2F7-D4FF1E9375C4}.Release|Any CPU.ActiveCfg = Release|Any CPU
		{D7C9C961-3966-4222-A2F7-D4FF1E9375C4}.Release|Any CPU.Build.0 = Release|Any CPU
	EndGlobalSection
	GlobalSection(SolutionProperties) = preSolution
		HideSolutionNode = FALSE
	EndGlobalSection
	GlobalSection(ExtensibilityGlobals) = postSolution
		SolutionGuid = {18B0F363-DC5E-41E1-BC71-C36DE3B5FF2C}
	EndGlobalSection
EndGlobal
